
Microsoft Visual Studio Solution File, Format Version 12.00
# Visual Studio Version 16
VisualStudioVersion = 16.0.34601.136
MinimumVisualStudioVersion = 10.0.40219.1
Project("{FAE04EC0-301F-11D3-BF4B-00C04F79EFBC}") = "LESSON3_BTLAB3.2", "LESSON3_BTLAB3.2.csproj", "{ED31E0BA-6489-4752-87EA-32F1B982C0FE}"
EndProject
Global
	GlobalSection(SolutionConfigurationPlatforms) = preSolution
		Debug|Any CPU = Debug|Any CPU
		Release|Any CPU = Release|Any CPU
	EndGlobalSection
	GlobalSection(ProjectConfigurationPlatforms) = postSolution
		{ED31E0BA-6489-4752-87EA-32F1B982C0FE}.Debug|Any CPU.ActiveCfg = Debug|Any CPU
		{ED31E0BA-6489-4752-87EA-32F1B982C0FE}.Debug|Any CPU.Build.0 = Debug|Any CPU
		{ED31E0BA-6489-4752-87EA-32F1B982C0FE}.Release|Any CPU.ActiveCfg = Release|Any CPU
		{ED31E0BA-6489-4752-87EA-32F1B982C0FE}.Release|Any CPU.Build.0 = Release|Any CPU
	EndGlobalSection
	GlobalSection(SolutionProperties) = preSolution
		HideSolutionNode = FALSE
	EndGlobalSection
	GlobalSection(ExtensibilityGlobals) = postSolution
		SolutionGuid = {3A33E496-5A40-41AE-9C9F-7C3C37694EEA}
	EndGlobalSection
EndGlobal
