
Microsoft Visual Studio Solution File, Format Version 12.00
# Visual Studio Version 16
VisualStudioVersion = 16.0.34601.136
MinimumVisualStudioVersion = 10.0.40219.1
Project("{FAE04EC0-301F-11D3-BF4B-00C04F79EFBC}") = "LESSON4_LAB4.2", "LESSON4_LAB4.2.csproj", "{A1695CA1-F69A-4274-A7BC-FA008B019C60}"
EndProject
Global
	GlobalSection(SolutionConfigurationPlatforms) = preSolution
		Debug|Any CPU = Debug|Any CPU
		Release|Any CPU = Release|Any CPU
	EndGlobalSection
	GlobalSection(ProjectConfigurationPlatforms) = postSolution
		{A1695CA1-F69A-4274-A7BC-FA008B019C60}.Debug|Any CPU.ActiveCfg = Debug|Any CPU
		{A1695CA1-F69A-4274-A7BC-FA008B019C60}.Debug|Any CPU.Build.0 = Debug|Any CPU
		{A1695CA1-F69A-4274-A7BC-FA008B019C60}.Release|Any CPU.ActiveCfg = Release|Any CPU
		{A1695CA1-F69A-4274-A7BC-FA008B019C60}.Release|Any CPU.Build.0 = Release|Any CPU
	EndGlobalSection
	GlobalSection(SolutionProperties) = preSolution
		HideSolutionNode = FALSE
	EndGlobalSection
	GlobalSection(ExtensibilityGlobals) = postSolution
		SolutionGuid = {B0E99FC9-58B8-4EEB-92A8-39DA134B90B8}
	EndGlobalSection
EndGlobal
